# THIS IS AN AUTOGENERATED FILE. DO NOT EDIT THIS FILE DIRECTLY.
# yarn lockfile v1


"@hardfist/bundle@^1.1.1-alpha.0":
  version "1.1.1-alpha.0"
  resolved "https://registry.yarnpkg.com/@hardfist/bundle/-/bundle-1.1.1-alpha.0.tgz#e4dae7d4050cc565f2731ee5fade3c81f486319c"
  integrity sha512-tikYE5oI7NIxKuPgU0mvm1c8OTGktsxMx6QqBHuWe5prn5pHHQMn33ryLZ3CRLj7UyXQTpXd/Oi6ZV7JdBItwQ==
  dependencies:
    commander "^2.20.0"

commander@^2.20.0:
  version "2.20.0"
  resolved "https://registry.yarnpkg.com/commander/-/commander-2.20.0.tgz#d58bb2b5c1ee8f87b0d340027e9e94e222c5a422"
  integrity sha512-7j2y+40w61zy6YC2iRNpUe/NwhNyoXrYpHMrSunaMG64nRnaf96zO/KMQR4OyN/UnE5KLyEBnKHd4aG3rskjpQ==
